
Microsoft Visual Studio Solution File, Format Version 12.00
# Visual Studio Version 17
VisualStudioVersion = 17.5.33424.131
MinimumVisualStudioVersion = 10.0.40219.1
Project("{FAE04EC0-301F-11D3-BF4B-00C04F79EFBC}") = "Sorting", "Sorting\Sorting.csproj", "{F6779ACC-06E3-45F9-A46E-644EDF34832B}"
EndProject
Global
	GlobalSection(SolutionConfigurationPlatforms) = preSolution
		Debug|Any CPU = Debug|Any CPU
		Release|Any CPU = Release|Any CPU
	EndGlobalSection
	GlobalSection(ProjectConfigurationPlatforms) = postSolution
		{F6779ACC-06E3-45F9-A46E-644EDF34832B}.Debug|Any CPU.ActiveCfg = Debug|Any CPU
		{F6779ACC-06E3-45F9-A46E-644EDF34832B}.Debug|Any CPU.Build.0 = Debug|Any CPU
		{F6779ACC-06E3-45F9-A46E-644EDF34832B}.Release|Any CPU.ActiveCfg = Release|Any CPU
		{F6779ACC-06E3-45F9-A46E-644EDF34832B}.Release|Any CPU.Build.0 = Release|Any CPU
	EndGlobalSection
	GlobalSection(SolutionProperties) = preSolution
		HideSolutionNode = FALSE
	EndGlobalSection
	GlobalSection(ExtensibilityGlobals) = postSolution
		SolutionGuid = {3F8240D1-D916-48C2-95C7-70732A27B23A}
	EndGlobalSection
EndGlobal
